
Microsoft Visual Studio Solution File, Format Version 12.00
# Visual Studio Version 17
VisualStudioVersion = 17.14.36127.28
MinimumVisualStudioVersion = 10.0.40219.1
Project("{2150E333-8FDC-42A3-9474-1A3956D46DE8}") = "Core", "Core", "{02EA681E-C7D8-13C7-8484-4AC65E1B71E8}"
EndProject
Project("{2150E333-8FDC-42A3-9474-1A3956D46DE8}") = "Infrastructure", "Infrastructure", "{A9BDE4CA-4BD9-4745-8E17-BB1792BE001D}"
EndProject
Project("{2150E333-8FDC-42A3-9474-1A3956D46DE8}") = "API", "API", "{0241E83E-2B58-4757-A2E7-82BC9FBD108D}"
EndProject
Project("{2150E333-8FDC-42A3-9474-1A3956D46DE8}") = "Application", "Application", "{2E4A6A68-2544-4F54-A17E-5F7DBE5A51C8}"
EndProject
Project("{2150E333-8FDC-42A3-9474-1A3956D46DE8}") = "Domain", "Domain", "{FC73B00B-805E-4761-9736-F5D834839E86}"
EndProject
Project("{2150E333-8FDC-42A3-9474-1A3956D46DE8}") = "Persistence", "Persistence", "{47B30FEE-B72C-450B-95BF-D8BA09B3D6E6}"
EndProject
Project("{2150E333-8FDC-42A3-9474-1A3956D46DE8}") = "Identity", "Identity", "{4ADC6851-4ED7-4E80-BEEE-554E74215878}"
EndProject
Project("{2150E333-8FDC-42A3-9474-1A3956D46DE8}") = "Utils", "Utils", "{E50EBA3B-4FED-4C3B-A64B-E94E940D589B}"
EndProject
Project("{FAE04EC0-301F-11D3-BF4B-00C04F79EFBC}") = "EventManagementAPI.API", "API\EventManagementAPI.API.csproj", "{49CF7F42-5936-7191-EDB9-F0C9F4CE0945}"
EndProject
Project("{FAE04EC0-301F-11D3-BF4B-00C04F79EFBC}") = "EventManagementAPI.Core.Application", "Core\Application\EventManagementAPI.Core.Application.csproj", "{CFEE9E14-70BC-3101-32BA-9CA585FAE9E7}"
EndProject
Project("{FAE04EC0-301F-11D3-BF4B-00C04F79EFBC}") = "EventManagementAPI.Core.Domain", "Core\Domain\EventManagementAPI.Core.Domain.csproj", "{75E793F5-4E2D-438C-0087-84741545DE3E}"
EndProject
Project("{FAE04EC0-301F-11D3-BF4B-00C04F79EFBC}") = "EventManagementAPI.Infrastructure.Identity", "Infrastructure\Identity\EventManagementAPI.Infrastructure.Identity.csproj", "{7A1A9BE1-DABC-45B8-4E3C-A28D544389B6}"
EndProject
Project("{FAE04EC0-301F-11D3-BF4B-00C04F79EFBC}") = "EventManagementAPI.Infrastructure.Persistence", "Infrastructure\Persistence\EventManagementAPI.Infrastructure.Persistence.csproj", "{79457A33-3940-7728-453A-41E176DCDF20}"
EndProject
Project("{FAE04EC0-301F-11D3-BF4B-00C04F79EFBC}") = "EventManagementAPI.Infrastructure.Utils", "Infrastructure\Utils\EventManagementAPI.Infrastructure.Utils.csproj", "{861157DB-6E55-081D-C041-29EFC389B6D7}"
EndProject
Global
	GlobalSection(SolutionConfigurationPlatforms) = preSolution
		Debug|Any CPU = Debug|Any CPU
		Release|Any CPU = Release|Any CPU
	EndGlobalSection
	GlobalSection(ProjectConfigurationPlatforms) = postSolution
		{49CF7F42-5936-7191-EDB9-F0C9F4CE0945}.Debug|Any CPU.ActiveCfg = Debug|Any CPU
		{49CF7F42-5936-7191-EDB9-F0C9F4CE0945}.Debug|Any CPU.Build.0 = Debug|Any CPU
		{49CF7F42-5936-7191-EDB9-F0C9F4CE0945}.Release|Any CPU.ActiveCfg = Release|Any CPU
		{49CF7F42-5936-7191-EDB9-F0C9F4CE0945}.Release|Any CPU.Build.0 = Release|Any CPU
		{CFEE9E14-70BC-3101-32BA-9CA585FAE9E7}.Debug|Any CPU.ActiveCfg = Debug|Any CPU
		{CFEE9E14-70BC-3101-32BA-9CA585FAE9E7}.Debug|Any CPU.Build.0 = Debug|Any CPU
		{CFEE9E14-70BC-3101-32BA-9CA585FAE9E7}.Release|Any CPU.ActiveCfg = Release|Any CPU
		{CFEE9E14-70BC-3101-32BA-9CA585FAE9E7}.Release|Any CPU.Build.0 = Release|Any CPU
		{75E793F5-4E2D-438C-0087-84741545DE3E}.Debug|Any CPU.ActiveCfg = Debug|Any CPU
		{75E793F5-4E2D-438C-0087-84741545DE3E}.Debug|Any CPU.Build.0 = Debug|Any CPU
		{75E793F5-4E2D-438C-0087-84741545DE3E}.Release|Any CPU.ActiveCfg = Release|Any CPU
		{75E793F5-4E2D-438C-0087-84741545DE3E}.Release|Any CPU.Build.0 = Release|Any CPU
		{7A1A9BE1-DABC-45B8-4E3C-A28D544389B6}.Debug|Any CPU.ActiveCfg = Debug|Any CPU
		{7A1A9BE1-DABC-45B8-4E3C-A28D544389B6}.Debug|Any CPU.Build.0 = Debug|Any CPU
		{7A1A9BE1-DABC-45B8-4E3C-A28D544389B6}.Release|Any CPU.ActiveCfg = Release|Any CPU
		{7A1A9BE1-DABC-45B8-4E3C-A28D544389B6}.Release|Any CPU.Build.0 = Release|Any CPU
		{79457A33-3940-7728-453A-41E176DCDF20}.Debug|Any CPU.ActiveCfg = Debug|Any CPU
		{79457A33-3940-7728-453A-41E176DCDF20}.Debug|Any CPU.Build.0 = Debug|Any CPU
		{79457A33-3940-7728-453A-41E176DCDF20}.Release|Any CPU.ActiveCfg = Release|Any CPU
		{79457A33-3940-7728-453A-41E176DCDF20}.Release|Any CPU.Build.0 = Release|Any CPU
		{861157DB-6E55-081D-C041-29EFC389B6D7}.Debug|Any CPU.ActiveCfg = Debug|Any CPU
		{861157DB-6E55-081D-C041-29EFC389B6D7}.Debug|Any CPU.Build.0 = Debug|Any CPU
		{861157DB-6E55-081D-C041-29EFC389B6D7}.Release|Any CPU.ActiveCfg = Release|Any CPU
		{861157DB-6E55-081D-C041-29EFC389B6D7}.Release|Any CPU.Build.0 = Release|Any CPU
	EndGlobalSection
	GlobalSection(SolutionProperties) = preSolution
		HideSolutionNode = FALSE
	EndGlobalSection
	GlobalSection(NestedProjects) = preSolution
		{2E4A6A68-2544-4F54-A17E-5F7DBE5A51C8} = {02EA681E-C7D8-13C7-8484-4AC65E1B71E8}
		{FC73B00B-805E-4761-9736-F5D834839E86} = {02EA681E-C7D8-13C7-8484-4AC65E1B71E8}
		{47B30FEE-B72C-450B-95BF-D8BA09B3D6E6} = {A9BDE4CA-4BD9-4745-8E17-BB1792BE001D}
		{4ADC6851-4ED7-4E80-BEEE-554E74215878} = {A9BDE4CA-4BD9-4745-8E17-BB1792BE001D}
		{E50EBA3B-4FED-4C3B-A64B-E94E940D589B} = {A9BDE4CA-4BD9-4745-8E17-BB1792BE001D}
		{49CF7F42-5936-7191-EDB9-F0C9F4CE0945} = {0241E83E-2B58-4757-A2E7-82BC9FBD108D}
		{CFEE9E14-70BC-3101-32BA-9CA585FAE9E7} = {2E4A6A68-2544-4F54-A17E-5F7DBE5A51C8}
		{75E793F5-4E2D-438C-0087-84741545DE3E} = {FC73B00B-805E-4761-9736-F5D834839E86}
		{7A1A9BE1-DABC-45B8-4E3C-A28D544389B6} = {4ADC6851-4ED7-4E80-BEEE-554E74215878}
		{79457A33-3940-7728-453A-41E176DCDF20} = {47B30FEE-B72C-450B-95BF-D8BA09B3D6E6}
		{861157DB-6E55-081D-C041-29EFC389B6D7} = {E50EBA3B-4FED-4C3B-A64B-E94E940D589B}
	EndGlobalSection
	GlobalSection(ExtensibilityGlobals) = postSolution
		SolutionGuid = {4414A25E-DF33-4728-92F8-10981BA76AB1}
	EndGlobalSection
EndGlobal
